
Microsoft Visual Studio Solution File, Format Version 11.00
# Visual Studio 2010
Project("{FAE04EC0-301F-11D3-BF4B-00C04F79EFBC}") = "Assembly-CSharp-firstpass", "Assembly-CSharp-firstpass.csproj", "{90A1557F-3265-173E-260E-EAFA3367C9A7}"
EndProject
Project("{FAE04EC0-301F-11D3-BF4B-00C04F79EFBC}") = "Assembly-CSharp", "Assembly-CSharp.csproj", "{4D13B713-7B1B-F0BF-DFD7-A9E107AA7A4F}"
EndProject
Project("{FAE04EC0-301F-11D3-BF4B-00C04F79EFBC}") = "Assembly-CSharp-Editor-firstpass", "Assembly-CSharp-Editor-firstpass.csproj", "{AAC802ED-FEA0-7454-1850-EB36CE7854F1}"
EndProject
Global
	GlobalSection(SolutionConfigurationPlatforms) = preSolution
		Debug|Any CPU = Debug|Any CPU
		Release|Any CPU = Release|Any CPU
	EndGlobalSection
	GlobalSection(ProjectConfigurationPlatforms) = postSolution
		{90A1557F-3265-173E-260E-EAFA3367C9A7}.Debug|Any CPU.ActiveCfg = Debug|Any CPU
		{90A1557F-3265-173E-260E-EAFA3367C9A7}.Debug|Any CPU.Build.0 = Debug|Any CPU
		{90A1557F-3265-173E-260E-EAFA3367C9A7}.Release|Any CPU.ActiveCfg = Release|Any CPU
		{90A1557F-3265-173E-260E-EAFA3367C9A7}.Release|Any CPU.Build.0 = Release|Any CPU
		{4D13B713-7B1B-F0BF-DFD7-A9E107AA7A4F}.Debug|Any CPU.ActiveCfg = Debug|Any CPU
		{4D13B713-7B1B-F0BF-DFD7-A9E107AA7A4F}.Debug|Any CPU.Build.0 = Debug|Any CPU
		{4D13B713-7B1B-F0BF-DFD7-A9E107AA7A4F}.Release|Any CPU.ActiveCfg = Release|Any CPU
		{4D13B713-7B1B-F0BF-DFD7-A9E107AA7A4F}.Release|Any CPU.Build.0 = Release|Any CPU
		{AAC802ED-FEA0-7454-1850-EB36CE7854F1}.Debug|Any CPU.ActiveCfg = Debug|Any CPU
		{AAC802ED-FEA0-7454-1850-EB36CE7854F1}.Debug|Any CPU.Build.0 = Debug|Any CPU
		{AAC802ED-FEA0-7454-1850-EB36CE7854F1}.Release|Any CPU.ActiveCfg = Release|Any CPU
		{AAC802ED-FEA0-7454-1850-EB36CE7854F1}.Release|Any CPU.Build.0 = Release|Any CPU
	EndGlobalSection
	GlobalSection(SolutionProperties) = preSolution
		HideSolutionNode = FALSE
	EndGlobalSection
	GlobalSection(MonoDevelopProperties) = preSolution
		StartupItem = Assembly-CSharp.csproj
	EndGlobalSection
EndGlobal
